// !$*UTF8*$!
{
	archiveVersion = 1;
	classes = {
	};
	objectVersion = 46;
	objects = {

/* Begin PBXBuildFile section */
		63C1D0661D5B979B00CD94A4 /* AppDelegate.m in Sources */ = {isa = PBXBuildFile; fileRef = 63C1D05E1D5B979B00CD94A4 /* AppDelegate.m */; };
		63C1D0671D5B979B00CD94A4 /* ERDThumbnailHelper.m in Sources */ = {isa = PBXBuildFile; fileRef = 63C1D0611D5B979B00CD94A4 /* ERDThumbnailHelper.m */; };
		63C1D0681D5B979B00CD94A4 /* ViewController.m in Sources */ = {isa = PBXBuildFile; fileRef = 63C1D0651D5B979B00CD94A4 /* ViewController.m */; };
		63C1D06F1D5B981E00CD94A4 /* Images.xcassets in Resources */ = {isa = PBXBuildFile; fileRef = 63C1D06E1D5B981E00CD94A4 /* Images.xcassets */; };
		63C1D0731D5B987B00CD94A4 /* main.m in Sources */ = {isa = PBXBuildFile; fileRef = 63C1D0711D5B987B00CD94A4 /* main.m */; };
		63C1D0751D5B989700CD94A4 /* A-B.mp4 in Resources */ = {isa = PBXBuildFile; fileRef = 63C1D0741D5B989700CD94A4 /* A-B.mp4 */; };
		63C1D07A1D5B98DC00CD94A4 /* LaunchScreen.xib in Resources */ = {isa = PBXBuildFile; fileRef = 63C1D0761D5B98DC00CD94A4 /* LaunchScreen.xib */; };
		63C1D07B1D5B98DC00CD94A4 /* Main.storyboard in Resources */ = {isa = PBXBuildFile; fileRef = 63C1D0781D5B98DC00CD94A4 /* Main.storyboard */; };
		C44561161AE7A2AA00314CDA /* AVFoundation.framework in Frameworks */ = {isa = PBXBuildFile; fileRef = C44561151AE7A2AA00314CDA /* AVFoundation.framework */; };
/* End PBXBuildFile section */

/* Begin PBXContainerItemProxy section */
		C44560F31AE7986C00314CDA /* PBXContainerItemProxy */ = {
			isa = PBXContainerItemProxy;
			containerPortal = C44560D11AE7986B00314CDA /* Project object */;
			proxyType = 1;
			remoteGlobalIDString = C44560D81AE7986B00314CDA;
			remoteInfo = ThumbnailAssit;
		};
/* End PBXContainerItemProxy section */

/* Begin PBXFileReference section */
		63C1D0591D5B8F9800CD94A4 /* README.md */ = {isa = PBXFileReference; fileEncoding = 4; lastKnownFileType = net.daringfireball.markdown; path = README.md; sourceTree = SOURCE_ROOT; };
		63C1D05D1D5B979B00CD94A4 /* AppDelegate.h */ = {isa = PBXFileReference; fileEncoding = 4; lastKnownFileType = sourcecode.c.h; path = AppDelegate.h; sourceTree = "<group>"; };
		63C1D05E1D5B979B00CD94A4 /* AppDelegate.m */ = {isa = PBXFileReference; fileEncoding = 4; lastKnownFileType = sourcecode.c.objc; path = AppDelegate.m; sourceTree = "<group>"; };
		63C1D0601D5B979B00CD94A4 /* ERDThumbnailHelper.h */ = {isa = PBXFileReference; fileEncoding = 4; lastKnownFileType = sourcecode.c.h; path = ERDThumbnailHelper.h; sourceTree = "<group>"; };
		63C1D0611D5B979B00CD94A4 /* ERDThumbnailHelper.m */ = {isa = PBXFileReference; fileEncoding = 4; lastKnownFileType = sourcecode.c.objc; path = ERDThumbnailHelper.m; sourceTree = "<group>"; };
		63C1D0641D5B979B00CD94A4 /* ViewController.h */ = {isa = PBXFileReference; fileEncoding = 4; lastKnownFileType = sourcecode.c.h; path = ViewController.h; sourceTree = "<group>"; };
		63C1D0651D5B979B00CD94A4 /* ViewController.m */ = {isa = PBXFileReference; fileEncoding = 4; lastKnownFileType = sourcecode.c.objc; path = ViewController.m; sourceTree = "<group>"; };
		63C1D06E1D5B981E00CD94A4 /* Images.xcassets */ = {isa = PBXFileReference; lastKnownFileType = folder.assetcatalog; name = Images.xcassets; path = ThumbnailAssist/Images.xcassets; sourceTree = SOURCE_ROOT; };
		63C1D0701D5B987B00CD94A4 /* Info.plist */ = {isa = PBXFileReference; fileEncoding = 4; lastKnownFileType = text.plist.xml; name = Info.plist; path = ThumbnailAssist/Info.plist; sourceTree = SOURCE_ROOT; };
		63C1D0711D5B987B00CD94A4 /* main.m */ = {isa = PBXFileReference; fileEncoding = 4; lastKnownFileType = sourcecode.c.objc; name = main.m; path = ThumbnailAssist/main.m; sourceTree = SOURCE_ROOT; };
		63C1D0741D5B989700CD94A4 /* A-B.mp4 */ = {isa = PBXFileReference; lastKnownFileType = file; name = "A-B.mp4"; path = "ThumbnailAssist/video/A-B.mp4"; sourceTree = SOURCE_ROOT; };
		63C1D0771D5B98DC00CD94A4 /* Base */ = {isa = PBXFileReference; lastKnownFileType = file.xib; name = Base; path = ThumbnailAssist/Base.lproj/LaunchScreen.xib; sourceTree = SOURCE_ROOT; };
		63C1D0791D5B98DC00CD94A4 /* Base */ = {isa = PBXFileReference; lastKnownFileType = file.storyboard; name = Base; path = ThumbnailAssist/Base.lproj/Main.storyboard; sourceTree = SOURCE_ROOT; };
		63C1D07D1D5B9D5500CD94A4 /* Info.plist */ = {isa = PBXFileReference; fileEncoding = 4; lastKnownFileType = text.plist.xml; name = Info.plist; path = ThumbnailAssistTests/Info.plist; sourceTree = SOURCE_ROOT; };
		C44560D91AE7986B00314CDA /* ThumbnailAssist.app */ = {isa = PBXFileReference; explicitFileType = wrapper.application; includeInIndex = 0; path = ThumbnailAssist.app; sourceTree = BUILT_PRODUCTS_DIR; };
		C44560F21AE7986C00314CDA /* ThumbnailAssist.xctest */ = {isa = PBXFileReference; explicitFileType = wrapper.cfbundle; includeInIndex = 0; path = ThumbnailAssist.xctest; sourceTree = BUILT_PRODUCTS_DIR; };
		C44561151AE7A2AA00314CDA /* AVFoundation.framework */ = {isa = PBXFileReference; lastKnownFileType = wrapper.framework; name = AVFoundation.framework; path = System/Library/Frameworks/AVFoundation.framework; sourceTree = SDKROOT; };
/* End PBXFileReference section */

/* Begin PBXFrameworksBuildPhase section */
		C44560D61AE7986B00314CDA /* Frameworks */ = {
			isa = PBXFrameworksBuildPhase;
			buildActionMask = 2147483647;
			files = (
				C44561161AE7A2AA00314CDA /* AVFoundation.framework in Frameworks */,
			);
			runOnlyForDeploymentPostprocessing = 0;
		};
		C44560EF1AE7986C00314CDA /* Frameworks */ = {
			isa = PBXFrameworksBuildPhase;
			buildActionMask = 2147483647;
			files = (
			);
			runOnlyForDeploymentPostprocessing = 0;
		};
/* End PBXFrameworksBuildPhase section */

/* Begin PBXGroup section */
		63C1D05B1D5B979B00CD94A4 /* src */ = {
			isa = PBXGroup;
			children = (
				63C1D05C1D5B979B00CD94A4 /* app */,
				63C1D05F1D5B979B00CD94A4 /* thumbnail */,
				63C1D0621D5B979B00CD94A4 /* ui */,
			);
			name = src;
			path = ThumbnailAssist/src;
			sourceTree = SOURCE_ROOT;
		};
		63C1D05C1D5B979B00CD94A4 /* app */ = {
			isa = PBXGroup;
			children = (
				63C1D05D1D5B979B00CD94A4 /* AppDelegate.h */,
				63C1D05E1D5B979B00CD94A4 /* AppDelegate.m */,
			);
			path = app;
			sourceTree = "<group>";
		};
		63C1D05F1D5B979B00CD94A4 /* thumbnail */ = {
			isa = PBXGroup;
			children = (
				63C1D0601D5B979B00CD94A4 /* ERDThumbnailHelper.h */,
				63C1D0611D5B979B00CD94A4 /* ERDThumbnailHelper.m */,
			);
			path = thumbnail;
			sourceTree = "<group>";
		};
		63C1D0621D5B979B00CD94A4 /* ui */ = {
			isa = PBXGroup;
			children = (
				63C1D07C1D5B98E100CD94A4 /* ui-design */,
				63C1D0631D5B979B00CD94A4 /* viewControllers */,
			);
			path = ui;
			sourceTree = "<group>";
		};
		63C1D0631D5B979B00CD94A4 /* viewControllers */ = {
			isa = PBXGroup;
			children = (
				63C1D0641D5B979B00CD94A4 /* ViewController.h */,
				63C1D0651D5B979B00CD94A4 /* ViewController.m */,
			);
			path = viewControllers;
			sourceTree = "<group>";
		};
		63C1D07C1D5B98E100CD94A4 /* ui-design */ = {
			isa = PBXGroup;
			children = (
				63C1D0761D5B98DC00CD94A4 /* LaunchScreen.xib */,
				63C1D0781D5B98DC00CD94A4 /* Main.storyboard */,
			);
			name = "ui-design";
			sourceTree = "<group>";
		};
		C44560D01AE7986B00314CDA = {
			isa = PBXGroup;
			children = (
				63C1D0591D5B8F9800CD94A4 /* README.md */,
				C44560DB1AE7986B00314CDA /* ThumbnailAssist */,
				C44560F51AE7986C00314CDA /* ThumbnailAssistTests */,
				C44560DA1AE7986B00314CDA /* Products */,
			);
			sourceTree = "<group>";
		};
		C44560DA1AE7986B00314CDA /* Products */ = {
			isa = PBXGroup;
			children = (
				C44560D91AE7986B00314CDA /* ThumbnailAssist.app */,
				C44560F21AE7986C00314CDA /* ThumbnailAssist.xctest */,
			);
			name = Products;
			sourceTree = "<group>";
		};
		C44560DB1AE7986B00314CDA /* ThumbnailAssist */ = {
			isa = PBXGroup;
			children = (
				C44561111AE79AC300314CDA /* assets */,
				63C1D05B1D5B979B00CD94A4 /* src */,
				C44560DC1AE7986B00314CDA /* Supporting Files */,
			);
			name = ThumbnailAssist;
			path = ThumbnailAssit;
			sourceTree = "<group>";
		};
		C44560DC1AE7986B00314CDA /* Supporting Files */ = {
			isa = PBXGroup;
			children = (
				63C1D0701D5B987B00CD94A4 /* Info.plist */,
				63C1D0711D5B987B00CD94A4 /* main.m */,
				C44561171AE7A2B700314CDA /* frameworks */,
			);
			name = "Supporting Files";
			sourceTree = "<group>";
		};
		C44560F51AE7986C00314CDA /* ThumbnailAssistTests */ = {
			isa = PBXGroup;
			children = (
				C44560F61AE7986C00314CDA /* Supporting Files */,
			);
			name = ThumbnailAssistTests;
			path = ThumbnailAssitTests;
			sourceTree = "<group>";
		};
		C44560F61AE7986C00314CDA /* Supporting Files */ = {
			isa = PBXGroup;
			children = (
				63C1D07D1D5B9D5500CD94A4 /* Info.plist */,
			);
			name = "Supporting Files";
			sourceTree = "<group>";
		};
		C44561111AE79AC300314CDA /* assets */ = {
			isa = PBXGroup;
			children = (
				63C1D06E1D5B981E00CD94A4 /* Images.xcassets */,
				C465321C1AED998D000FFBCD /* video */,
			);
			name = assets;
			sourceTree = "<group>";
		};
		C44561171AE7A2B700314CDA /* frameworks */ = {
			isa = PBXGroup;
			children = (
				C44561151AE7A2AA00314CDA /* AVFoundation.framework */,
			);
			name = frameworks;
			sourceTree = "<group>";
		};
		C465321C1AED998D000FFBCD /* video */ = {
			isa = PBXGroup;
			children = (
				63C1D0741D5B989700CD94A4 /* A-B.mp4 */,
			);
			path = video;
			sourceTree = "<group>";
		};
/* End PBXGroup section */

/* Begin PBXNativeTarget section */
		C44560D81AE7986B00314CDA /* ThumbnailAssist */ = {
			isa = PBXNativeTarget;
			buildConfigurationList = C44560FC1AE7986C00314CDA /* Build configuration list for PBXNativeTarget "ThumbnailAssist" */;
			buildPhases = (
				C44560D51AE7986B00314CDA /* Sources */,
				C44560D61AE7986B00314CDA /* Frameworks */,
				C44560D71AE7986B00314CDA /* Resources */,
			);
			buildRules = (
			);
			dependencies = (
			);
			name = ThumbnailAssist;
			productName = ThumbnailAssit;
			productReference = C44560D91AE7986B00314CDA /* ThumbnailAssist.app */;
			productType = "com.apple.product-type.application";
		};
		C44560F11AE7986C00314CDA /* ThumbnailAssistTests */ = {
			isa = PBXNativeTarget;
			buildConfigurationList = C44560FF1AE7986C00314CDA /* Build configuration list for PBXNativeTarget "ThumbnailAssistTests" */;
			buildPhases = (
				C44560EE1AE7986C00314CDA /* Sources */,
				C44560EF1AE7986C00314CDA /* Frameworks */,
				C44560F01AE7986C00314CDA /* Resources */,
			);
			buildRules = (
			);
			dependencies = (
				C44560F41AE7986C00314CDA /* PBXTargetDependency */,
			);
			name = ThumbnailAssistTests;
			productName = ThumbnailAssitTests;
			productReference = C44560F21AE7986C00314CDA /* ThumbnailAssist.xctest */;
			productType = "com.apple.product-type.bundle.unit-test";
		};
/* End PBXNativeTarget section */

/* Begin PBXProject section */
		C44560D11AE7986B00314CDA /* Project object */ = {
			isa = PBXProject;
			attributes = {
				LastUpgradeCheck = 0730;
				ORGANIZATIONNAME = "Jerry Edens";
				TargetAttributes = {
					C44560D81AE7986B00314CDA = {
						CreatedOnToolsVersion = 6.3.1;
						DevelopmentTeam = L47CMA6N57;
					};
					C44560F11AE7986C00314CDA = {
						CreatedOnToolsVersion = 6.3.1;
						TestTargetID = C44560D81AE7986B00314CDA;
					};
				};
			};
			buildConfigurationList = C44560D41AE7986B00314CDA /* Build configuration list for PBXProject "ThumbnailAssist" */;
			compatibilityVersion = "Xcode 3.2";
			developmentRegion = English;
			hasScannedForEncodings = 0;
			knownRegions = (
				en,
				Base,
			);
			mainGroup = C44560D01AE7986B00314CDA;
			productRefGroup = C44560DA1AE7986B00314CDA /* Products */;
			projectDirPath = "";
			projectRoot = "";
			targets = (
				C44560D81AE7986B00314CDA /* ThumbnailAssist */,
				C44560F11AE7986C00314CDA /* ThumbnailAssistTests */,
			);
		};
/* End PBXProject section */

/* Begin PBXResourcesBuildPhase section */
		C44560D71AE7986B00314CDA /* Resources */ = {
			isa = PBXResourcesBuildPhase;
			buildActionMask = 2147483647;
			files = (
				63C1D07A1D5B98DC00CD94A4 /* LaunchScreen.xib in Resources */,
				63C1D07B1D5B98DC00CD94A4 /* Main.storyboard in Resources */,
				63C1D0751D5B989700CD94A4 /* A-B.mp4 in Resources */,
				63C1D06F1D5B981E00CD94A4 /* Images.xcassets in Resources */,
			);
			runOnlyForDeploymentPostprocessing = 0;
		};
		C44560F01AE7986C00314CDA /* Resources */ = {
			isa = PBXResourcesBuildPhase;
			buildActionMask = 2147483647;
			files = (
			);
			runOnlyForDeploymentPostprocessing = 0;
		};
/* End PBXResourcesBuildPhase section */

/* Begin PBXSourcesBuildPhase section */
		C44560D51AE7986B00314CDA /* Sources */ = {
			isa = PBXSourcesBuildPhase;
			buildActionMask = 2147483647;
			files = (
				63C1D0681D5B979B00CD94A4 /* ViewController.m in Sources */,
				63C1D0671D5B979B00CD94A4 /* ERDThumbnailHelper.m in Sources */,
				63C1D0731D5B987B00CD94A4 /* main.m in Sources */,
				63C1D0661D5B979B00CD94A4 /* AppDelegate.m in Sources */,
			);
			runOnlyForDeploymentPostprocessing = 0;
		};
		C44560EE1AE7986C00314CDA /* Sources */ = {
			isa = PBXSourcesBuildPhase;
			buildActionMask = 2147483647;
			files = (
			);
			runOnlyForDeploymentPostprocessing = 0;
		};
/* End PBXSourcesBuildPhase section */

/* Begin PBXTargetDependency section */
		C44560F41AE7986C00314CDA /* PBXTargetDependency */ = {
			isa = PBXTargetDependency;
			target = C44560D81AE7986B00314CDA /* ThumbnailAssist */;
			targetProxy = C44560F31AE7986C00314CDA /* PBXContainerItemProxy */;
		};
/* End PBXTargetDependency section */

/* Begin PBXVariantGroup section */
		63C1D0761D5B98DC00CD94A4 /* LaunchScreen.xib */ = {
			isa = PBXVariantGroup;
			children = (
				63C1D0771D5B98DC00CD94A4 /* Base */,
			);
			name = LaunchScreen.xib;
			path = ../../../ThumbnailAssit;
			sourceTree = "<group>";
		};
		63C1D0781D5B98DC00CD94A4 /* Main.storyboard */ = {
			isa = PBXVariantGroup;
			children = (
				63C1D0791D5B98DC00CD94A4 /* Base */,
			);
			name = Main.storyboard;
			path = ../../../ThumbnailAssit;
			sourceTree = "<group>";
		};
/* End PBXVariantGroup section */

/* Begin XCBuildConfiguration section */
		C44560FA1AE7986C00314CDA /* Debug */ = {
			isa = XCBuildConfiguration;
			buildSettings = {
				ALWAYS_SEARCH_USER_PATHS = NO;
				CLANG_CXX_LANGUAGE_STANDARD = "gnu++0x";
				CLANG_CXX_LIBRARY = "libc++";
				CLANG_ENABLE_MODULES = YES;
				CLANG_ENABLE_OBJC_ARC = YES;
				CLANG_WARN_BOOL_CONVERSION = YES;
				CLANG_WARN_CONSTANT_CONVERSION = YES;
				CLANG_WARN_DIRECT_OBJC_ISA_USAGE = YES_ERROR;
				CLANG_WARN_EMPTY_BODY = YES;
				CLANG_WARN_ENUM_CONVERSION = YES;
				CLANG_WARN_INT_CONVERSION = YES;
				CLANG_WARN_OBJC_ROOT_CLASS = YES_ERROR;
				CLANG_WARN_UNREACHABLE_CODE = YES;
				CLANG_WARN__DUPLICATE_METHOD_MATCH = YES;
				"CODE_SIGN_IDENTITY[sdk=iphoneos*]" = "iPhone Developer";
				COPY_PHASE_STRIP = NO;
				DEBUG_INFORMATION_FORMAT = "dwarf-with-dsym";
				ENABLE_STRICT_OBJC_MSGSEND = YES;
				ENABLE_TESTABILITY = YES;
				GCC_C_LANGUAGE_STANDARD = gnu99;
				GCC_DYNAMIC_NO_PIC = NO;
				GCC_NO_COMMON_BLOCKS = YES;
				GCC_OPTIMIZATION_LEVEL = 0;
				GCC_PREPROCESSOR_DEFINITIONS = (
					"DEBUG=1",
					"$(inherited)",
				);
				GCC_SYMBOLS_PRIVATE_EXTERN = NO;
				GCC_WARN_64_TO_32_BIT_CONVERSION = YES;
				GCC_WARN_ABOUT_RETURN_TYPE = YES_ERROR;
				GCC_WARN_UNDECLARED_SELECTOR = YES;
				GCC_WARN_UNINITIALIZED_AUTOS = YES_AGGRESSIVE;
				GCC_WARN_UNUSED_FUNCTION = YES;
				GCC_WARN_UNUSED_VARIABLE = YES;
				IPHONEOS_DEPLOYMENT_TARGET = 8.3;
				MTL_ENABLE_DEBUG_INFO = YES;
				ONLY_ACTIVE_ARCH = YES;
				SDKROOT = iphoneos;
				TARGETED_DEVICE_FAMILY = "1,2";
			};
			name = Debug;
		};
		C44560FB1AE7986C00314CDA /* Release */ = {
			isa = XCBuildConfiguration;
			buildSettings = {
				ALWAYS_SEARCH_USER_PATHS = NO;
				CLANG_CXX_LANGUAGE_STANDARD = "gnu++0x";
				CLANG_CXX_LIBRARY = "libc++";
				CLANG_ENABLE_MODULES = YES;
				CLANG_ENABLE_OBJC_ARC = YES;
				CLANG_WARN_BOOL_CONVERSION = YES;
				CLANG_WARN_CONSTANT_CONVERSION = YES;
				CLANG_WARN_DIRECT_OBJC_ISA_USAGE = YES_ERROR;
				CLANG_WARN_EMPTY_BODY = YES;
				CLANG_WARN_ENUM_CONVERSION = YES;
				CLANG_WARN_INT_CONVERSION = YES;
				CLANG_WARN_OBJC_ROOT_CLASS = YES_ERROR;
				CLANG_WARN_UNREACHABLE_CODE = YES;
				CLANG_WARN__DUPLICATE_METHOD_MATCH = YES;
				"CODE_SIGN_IDENTITY[sdk=iphoneos*]" = "iPhone Developer";
				COPY_PHASE_STRIP = NO;
				DEBUG_INFORMATION_FORMAT = "dwarf-with-dsym";
				ENABLE_NS_ASSERTIONS = NO;
				ENABLE_STRICT_OBJC_MSGSEND = YES;
				GCC_C_LANGUAGE_STANDARD = gnu99;
				GCC_NO_COMMON_BLOCKS = YES;
				GCC_WARN_64_TO_32_BIT_CONVERSION = YES;
				GCC_WARN_ABOUT_RETURN_TYPE = YES_ERROR;
				GCC_WARN_UNDECLARED_SELECTOR = YES;
				GCC_WARN_UNINITIALIZED_AUTOS = YES_AGGRESSIVE;
				GCC_WARN_UNUSED_FUNCTION = YES;
				GCC_WARN_UNUSED_VARIABLE = YES;
				IPHONEOS_DEPLOYMENT_TARGET = 8.3;
				MTL_ENABLE_DEBUG_INFO = NO;
				SDKROOT = iphoneos;
				TARGETED_DEVICE_FAMILY = "1,2";
				VALIDATE_PRODUCT = YES;
			};
			name = Release;
		};
		C44560FD1AE7986C00314CDA /* Debug */ = {
			isa = XCBuildConfiguration;
			buildSettings = {
				ASSETCATALOG_COMPILER_APPICON_NAME = AppIcon;
				ASSETCATALOG_COMPILER_LAUNCHIMAGE_NAME = "Brand Assets";
				CODE_SIGN_IDENTITY = "iPhone Developer";
				INFOPLIST_FILE = ThumbnailAssist/Info.plist;
				LD_RUNPATH_SEARCH_PATHS = "$(inherited) @executable_path/Frameworks";
				PRODUCT_BUNDLE_IDENTIFIER = "com.iphonedevhouse.$(PRODUCT_NAME:rfc1034identifier)";
				PRODUCT_NAME = ThumbnailAssist;
			};
			name = Debug;
		};
		C44560FE1AE7986C00314CDA /* Release */ = {
			isa = XCBuildConfiguration;
			buildSettings = {
				ASSETCATALOG_COMPILER_APPICON_NAME = AppIcon;
				ASSETCATALOG_COMPILER_LAUNCHIMAGE_NAME = "Brand Assets";
				CODE_SIGN_IDENTITY = "iPhone Developer";
				INFOPLIST_FILE = ThumbnailAssist/Info.plist;
				LD_RUNPATH_SEARCH_PATHS = "$(inherited) @executable_path/Frameworks";
				PRODUCT_BUNDLE_IDENTIFIER = "com.iphonedevhouse.$(PRODUCT_NAME:rfc1034identifier)";
				PRODUCT_NAME = ThumbnailAssist;
			};
			name = Release;
		};
		C44561001AE7986C00314CDA /* Debug */ = {
			isa = XCBuildConfiguration;
			buildSettings = {
				BUNDLE_LOADER = "$(TEST_HOST)";
				FRAMEWORK_SEARCH_PATHS = (
					"$(SDKROOT)/Developer/Library/Frameworks",
					"$(inherited)",
				);
				GCC_PREPROCESSOR_DEFINITIONS = (
					"DEBUG=1",
					"$(inherited)",
				);
				INFOPLIST_FILE = ThumbnailAssitTests/Info.plist;
				LD_RUNPATH_SEARCH_PATHS = "$(inherited) @executable_path/Frameworks @loader_path/Frameworks";
				PRODUCT_BUNDLE_IDENTIFIER = "com.iphonedevhouse.$(PRODUCT_NAME:rfc1034identifier)";
				PRODUCT_NAME = ThumbnailAssist;
				TEST_HOST = "$(BUILT_PRODUCTS_DIR)/ThumbnailAssist.app/ThumbnailAssist";
			};
			name = Debug;
		};
		C44561011AE7986C00314CDA /* Release */ = {
			isa = XCBuildConfiguration;
			buildSettings = {
				BUNDLE_LOADER = "$(TEST_HOST)";
				FRAMEWORK_SEARCH_PATHS = (
					"$(SDKROOT)/Developer/Library/Frameworks",
					"$(inherited)",
				);
				INFOPLIST_FILE = ThumbnailAssitTests/Info.plist;
				LD_RUNPATH_SEARCH_PATHS = "$(inherited) @executable_path/Frameworks @loader_path/Frameworks";
				PRODUCT_BUNDLE_IDENTIFIER = "com.iphonedevhouse.$(PRODUCT_NAME:rfc1034identifier)";
				PRODUCT_NAME = ThumbnailAssist;
				TEST_HOST = "$(BUILT_PRODUCTS_DIR)/ThumbnailAssist.app/ThumbnailAssist";
			};
			name = Release;
		};
/* End XCBuildConfiguration section */

/* Begin XCConfigurationList section */
		C44560D41AE7986B00314CDA /* Build configuration list for PBXProject "ThumbnailAssist" */ = {
			isa = XCConfigurationList;
			buildConfigurations = (
				C44560FA1AE7986C00314CDA /* Debug */,
				C44560FB1AE7986C00314CDA /* Release */,
			);
			defaultConfigurationIsVisible = 0;
			defaultConfigurationName = Release;
		};
		C44560FC1AE7986C00314CDA /* Build configuration list for PBXNativeTarget "ThumbnailAssist" */ = {
			isa = XCConfigurationList;
			buildConfigurations = (
				C44560FD1AE7986C00314CDA /* Debug */,
				C44560FE1AE7986C00314CDA /* Release */,
			);
			defaultConfigurationIsVisible = 0;
			defaultConfigurationName = Release;
		};
		C44560FF1AE7986C00314CDA /* Build configuration list for PBXNativeTarget "ThumbnailAssistTests" */ = {
			isa = XCConfigurationList;
			buildConfigurations = (
				C44561001AE7986C00314CDA /* Debug */,
				C44561011AE7986C00314CDA /* Release */,
			);
			defaultConfigurationIsVisible = 0;
			defaultConfigurationName = Release;
		};
/* End XCConfigurationList section */
	};
	rootObject = C44560D11AE7986B00314CDA /* Project object */;
}
